
Microsoft Visual Studio Solution File, Format Version 12.00
# Visual Studio Version 17
VisualStudioVersion = 17.4.33205.214
MinimumVisualStudioVersion = 10.0.40219.1
Project("{8BC9CEB8-8B4A-11D0-8D11-00A0C91BC942}") = "show", "show\show.vcxproj", "{38B0EE4C-79EC-4306-8920-52A7CDD8FEE2}"
EndProject
Global
	GlobalSection(SolutionConfigurationPlatforms) = preSolution
		Debug|x64 = Debug|x64
		Release|x64 = Release|x64
	EndGlobalSection
	GlobalSection(ProjectConfigurationPlatforms) = postSolution
		{38B0EE4C-79EC-4306-8920-52A7CDD8FEE2}.Debug|x64.ActiveCfg = Debug|x64
		{38B0EE4C-79EC-4306-8920-52A7CDD8FEE2}.Debug|x64.Build.0 = Debug|x64
		{38B0EE4C-79EC-4306-8920-52A7CDD8FEE2}.Release|x64.ActiveCfg = Release|x64
		{38B0EE4C-79EC-4306-8920-52A7CDD8FEE2}.Release|x64.Build.0 = Release|x64
	EndGlobalSection
	GlobalSection(SolutionProperties) = preSolution
		HideSolutionNode = FALSE
	EndGlobalSection
	GlobalSection(ExtensibilityGlobals) = postSolution
		SolutionGuid = {AFB400F2-A5D5-4832-B164-708B441AAF7F}
	EndGlobalSection
EndGlobal
